<?xml version="1.0" encoding="utf-8"?>
<Project ToolsVersion="4.0" xmlns="http://schemas.microsoft.com/developer/msbuild/2003">
  <ItemGroup>
    <Filter Include="리소스 파일">
      <UniqueIdentifier>{67DA6AB6-F800-4c08-8B7A-83BB121AAD01}</UniqueIdentifier>
      <Extensions>rc;ico;cur;bmp;dlg;rc2;rct;bin;rgs;gif;jpg;jpeg;jpe;resx;tiff;tif;png;wav;mfcribbon-ms</Extensions>
    </Filter>
    <Filter Include="Engine">
      <UniqueIdentifier>{be573519-7a49-4d1a-84f2-7570c3a6fb44}</UniqueIdentifier>
    </Filter>
    <Filter Include="main">
      <UniqueIdentifier>{58dbd6ab-2232-4a23-b126-77e4665822bf}</UniqueIdentifier>
    </Filter>
    <Filter Include="Contents">
      <UniqueIdentifier>{c92deeba-6787-4f6f-a0eb-2f0105df259c}</UniqueIdentifier>
    </Filter>
    <Filter Include="Engine\Common">
      <UniqueIdentifier>{d42a1fa5-9531-4c3c-a86f-c83344ca355f}</UniqueIdentifier>
    </Filter>
    <Filter Include="Engine\GameObject">
      <UniqueIdentifier>{b4433c56-d2e6-4d0d-9259-c37686553fe5}</UniqueIdentifier>
    </Filter>
    <Filter Include="Engine\High Level Interface">
      <UniqueIdentifier>{61e0ce0c-1851-4c2f-b8b1-50ad8e399789}</UniqueIdentifier>
    </Filter>
    <Filter Include="Engine\Scene">
      <UniqueIdentifier>{9d93fed8-e858-4e7b-ba05-58461486bb03}</UniqueIdentifier>
    </Filter>
    <Filter Include="Engine\Component">
      <UniqueIdentifier>{51479d1b-4d75-4dfc-9434-23611c8911b3}</UniqueIdentifier>
    </Filter>
    <Filter Include="Engine\Layer">
      <UniqueIdentifier>{cc2bc656-3033-4f20-abdb-49d4ed8d7491}</UniqueIdentifier>
    </Filter>
    <Filter Include="Engine\Scene\PlayScene">
      <UniqueIdentifier>{d6a1ddab-4fc8-4f3a-ab52-36def3516c98}</UniqueIdentifier>
    </Filter>
    <Filter Include="Contents\Player">
      <UniqueIdentifier>{fe7d43f7-efa7-4779-85c0-28b9564857a3}</UniqueIdentifier>
    </Filter>
    <Filter Include="Contents\Scene">
      <UniqueIdentifier>{b7670575-6de6-41bf-ad7e-34ad46002aa4}</UniqueIdentifier>
    </Filter>
    <Filter Include="Engine\Time">
      <UniqueIdentifier>{7c9dd5dd-ff83-4569-8dd4-eadf4291d98c}</UniqueIdentifier>
    </Filter>
    <Filter Include="Engine\Input">
      <UniqueIdentifier>{b83d2245-1653-45b1-a441-0cbeba1623c4}</UniqueIdentifier>
    </Filter>
    <Filter Include="Engine\Resource">
      <UniqueIdentifier>{25bd4d29-77ad-4205-b963-e464704dbafe}</UniqueIdentifier>
    </Filter>
    <Filter Include="Contents\Bullet">
      <UniqueIdentifier>{594ae07a-d668-4f87-af1b-f4e47cb27492}</UniqueIdentifier>
    </Filter>
    <Filter Include="Contents\Monster">
      <UniqueIdentifier>{68c4f34a-2d3b-40a9-b605-27198c82d870}</UniqueIdentifier>
    </Filter>
    <Filter Include="Engine\Component\Collider">
      <UniqueIdentifier>{f07b3a6f-b431-436f-a7f0-247859073138}</UniqueIdentifier>
    </Filter>
    <Filter Include="Contents\BG">
      <UniqueIdentifier>{f276f040-cb44-4636-8b27-79b155f371cb}</UniqueIdentifier>
    </Filter>
    <Filter Include="Contents\UI">
      <UniqueIdentifier>{f7a3f48b-d680-4546-a147-aac0ad8949c9}</UniqueIdentifier>
    </Filter>
    <Filter Include="Contents\Effect">
      <UniqueIdentifier>{94a8d32f-64bd-4169-95c5-c5ec72c1a4c2}</UniqueIdentifier>
    </Filter>
    <Filter Include="Engine\Camera">
      <UniqueIdentifier>{bed6ef32-7dc0-4113-928f-5cd385f2d206}</UniqueIdentifier>
    </Filter>
    <Filter Include="Engine\Component\RigidBody">
      <UniqueIdentifier>{0196d41a-bd17-40d3-af5a-2d96f1df79dd}</UniqueIdentifier>
    </Filter>
    <Filter Include="Contents\Object">
      <UniqueIdentifier>{74ff8176-8695-41c0-a22f-0ffba2830b14}</UniqueIdentifier>
    </Filter>
    <Filter Include="Engine\Component\Animation">
      <UniqueIdentifier>{bc38f07f-9be1-4d54-a28b-ca6d88a573b3}</UniqueIdentifier>
    </Filter>
    <Filter Include="Engine\Component\Transform">
      <UniqueIdentifier>{83646e12-1c25-4558-ae90-c126cee0b97d}</UniqueIdentifier>
    </Filter>
    <Filter Include="Contents\Object\Tile">
      <UniqueIdentifier>{f0632e1e-b317-4694-aea1-18d43752888b}</UniqueIdentifier>
    </Filter>
    <Filter Include="Contents\Object\Struct">
      <UniqueIdentifier>{c4115090-dd08-4b88-9d25-e692b6cb5f7c}</UniqueIdentifier>
    </Filter>
    <Filter Include="Contents\Object\Struct\Gate">
      <UniqueIdentifier>{d84a529c-12e1-4545-a2c8-7ea7f5a57ca9}</UniqueIdentifier>
    </Filter>
    <Filter Include="Contents\Boss">
      <UniqueIdentifier>{59cd8a1c-faa4-4aca-a370-f826c85501aa}</UniqueIdentifier>
    </Filter>
  </ItemGroup>
  <ItemGroup>
    <ClInclude Include="Client.h">
      <Filter>main</Filter>
    </ClInclude>
    <ClInclude Include="framework.h">
      <Filter>main</Filter>
    </ClInclude>
    <ClInclude Include="Resource.h">
      <Filter>main</Filter>
    </ClInclude>
    <ClInclude Include="targetver.h">
      <Filter>main</Filter>
    </ClInclude>
    <ClInclude Include="CommonInclude.h">
      <Filter>Engine\Common</Filter>
    </ClInclude>
    <ClInclude Include="yaEnums.h">
      <Filter>Engine\Common</Filter>
    </ClInclude>
    <ClInclude Include="yaMath.h">
      <Filter>Engine\Common</Filter>
    </ClInclude>
    <ClInclude Include="YamYamEngine.h">
      <Filter>Engine\Common</Filter>
    </ClInclude>
    <ClInclude Include="yaGameObject.h">
      <Filter>Engine\GameObject</Filter>
    </ClInclude>
    <ClInclude Include="yaEntity.h">
      <Filter>Engine\Common</Filter>
    </ClInclude>
    <ClInclude Include="yaApplication.h">
      <Filter>Engine\High Level Interface</Filter>
    </ClInclude>
    <ClInclude Include="yaScene.h">
      <Filter>Engine\Scene</Filter>
    </ClInclude>
    <ClInclude Include="yaSceneManager.h">
      <Filter>Engine\Scene</Filter>
    </ClInclude>
    <ClInclude Include="yaComponent.h">
      <Filter>Engine\Component</Filter>
    </ClInclude>
    <ClInclude Include="yaLayer.h">
      <Filter>Engine\Layer</Filter>
    </ClInclude>
    <ClInclude Include="yaSkul.h">
      <Filter>Contents\Player</Filter>
    </ClInclude>
    <ClInclude Include="yaPlayeScene.h">
      <Filter>Contents\Scene</Filter>
    </ClInclude>
    <ClInclude Include="yaTime.h">
      <Filter>Engine\Time</Filter>
    </ClInclude>
    <ClInclude Include="yaInput.h">
      <Filter>Engine\Input</Filter>
    </ClInclude>
    <ClInclude Include="yaResource.h">
      <Filter>Engine\Resource</Filter>
    </ClInclude>
    <ClInclude Include="yaResources.h">
      <Filter>Engine\Resource</Filter>
    </ClInclude>
    <ClInclude Include="yaImage.h">
      <Filter>Engine\Resource</Filter>
    </ClInclude>
    <ClInclude Include="yaTitleScene.h">
      <Filter>Contents\Scene</Filter>
    </ClInclude>
    <ClInclude Include="yaSkulHead.h">
      <Filter>Contents\Bullet</Filter>
    </ClInclude>
    <ClInclude Include="yaMonster.h">
      <Filter>Contents\Monster</Filter>
    </ClInclude>
    <ClInclude Include="yaCollider.h">
      <Filter>Engine\Component\Collider</Filter>
    </ClInclude>
    <ClInclude Include="yaCollisionManager.h">
      <Filter>Engine\Component\Collider</Filter>
    </ClInclude>
    <ClInclude Include="yaPlayBG.h">
      <Filter>Contents\BG</Filter>
    </ClInclude>
    <ClInclude Include="yaTitleLogo.h">
      <Filter>Contents\Effect</Filter>
    </ClInclude>
    <ClInclude Include="yaCamera.h">
      <Filter>Engine\Camera</Filter>
    </ClInclude>
    <ClInclude Include="yaObject.h">
      <Filter>Engine\GameObject</Filter>
    </ClInclude>
    <ClInclude Include="yaTitleBG.h">
      <Filter>Contents\BG</Filter>
    </ClInclude>
    <ClInclude Include="yaRigidbody.h">
      <Filter>Engine\Component\RigidBody</Filter>
    </ClInclude>
    <ClInclude Include="yaBasicSkul.h">
      <Filter>Contents\Player</Filter>
    </ClInclude>
    <ClInclude Include="yaSkulShadow.h">
      <Filter>Contents\Player</Filter>
    </ClInclude>
    <ClInclude Include="yaGround.h">
      <Filter>Contents\Object</Filter>
    </ClInclude>
    <ClInclude Include="yaAnimation.h">
      <Filter>Engine\Component\Animation</Filter>
    </ClInclude>
    <ClInclude Include="yaAnimator.h">
      <Filter>Engine\Component\Animation</Filter>
    </ClInclude>
    <ClInclude Include="yaTransform.h">
      <Filter>Engine\Component\Transform</Filter>
    </ClInclude>
    <ClInclude Include="yaToolScene.h">
      <Filter>Contents\Scene</Filter>
    </ClInclude>
    <ClInclude Include="yaSound.h">
      <Filter>Engine\Resource</Filter>
    </ClInclude>
    <ClInclude Include="yaSoundManager.h">
      <Filter>Engine\Resource</Filter>
    </ClInclude>
    <ClInclude Include="yaTile.h">
      <Filter>Contents\Object\Tile</Filter>
    </ClInclude>
    <ClInclude Include="yaTilePalatte.h">
      <Filter>Contents\Object\Tile</Filter>
    </ClInclude>
    <ClInclude Include="yaNoheadSkul.h">
      <Filter>Contents\Player</Filter>
    </ClInclude>
    <ClInclude Include="yaSkulAttack.h">
      <Filter>Contents\Effect</Filter>
    </ClInclude>
    <ClInclude Include="yaStruct.h">
      <Filter>Contents\Object\Struct</Filter>
    </ClInclude>
    <ClInclude Include="yaCastle.h">
      <Filter>Contents\Object\Struct</Filter>
    </ClInclude>
    <ClInclude Include="yaBackCastle.h">
      <Filter>Contents\Object\Struct</Filter>
    </ClInclude>
    <ClInclude Include="yaBossGate.h">
      <Filter>Contents\Object\Struct\Gate</Filter>
    </ClInclude>
    <ClInclude Include="yaSkulGate.h">
      <Filter>Contents\Object\Struct\Gate</Filter>
    </ClInclude>
    <ClInclude Include="yaItemGate.h">
      <Filter>Contents\Object\Struct\Gate</Filter>
    </ClInclude>
    <ClInclude Include="yaBossStage.h">
      <Filter>Contents\Scene</Filter>
    </ClInclude>
    <ClInclude Include="yaStage1.h">
      <Filter>Contents\Scene</Filter>
    </ClInclude>
    <ClInclude Include="yaStage2.h">
      <Filter>Contents\Scene</Filter>
    </ClInclude>
    <ClInclude Include="yaPlatform.h">
      <Filter>Contents\Object\Tile</Filter>
    </ClInclude>
    <ClInclude Include="yaBossBG.h">
      <Filter>Contents\BG</Filter>
    </ClInclude>
    <ClInclude Include="yaBoss_Body.h">
      <Filter>Contents\Boss</Filter>
    </ClInclude>
    <ClInclude Include="yaBoss_Hand.h">
      <Filter>Contents\Boss</Filter>
    </ClInclude>
    <ClInclude Include="yaBoss_Head.h">
      <Filter>Contents\Boss</Filter>
    </ClInclude>
    <ClInclude Include="yaBossBullet.h">
      <Filter>Contents\Bullet</Filter>
    </ClInclude>
    <ClInclude Include="yaBoss_Chin.h">
      <Filter>Contents\Boss</Filter>
    </ClInclude>
    <ClInclude Include="yaChapter1_Boss.h">
      <Filter>Contents\Boss</Filter>
    </ClInclude>
    <ClInclude Include="yaBoss_RightHand.h">
      <Filter>Contents\Boss</Filter>
    </ClInclude>
  </ItemGroup>
  <ItemGroup>
    <ResourceCompile Include="Client.rc">
      <Filter>리소스 파일</Filter>
    </ResourceCompile>
  </ItemGroup>
  <ItemGroup>
    <Image Include="small.ico">
      <Filter>리소스 파일</Filter>
    </Image>
    <Image Include="Client.ico">
      <Filter>리소스 파일</Filter>
    </Image>
  </ItemGroup>
  <ItemGroup>
    <ClCompile Include="main.cpp">
      <Filter>main</Filter>
    </ClCompile>
    <ClCompile Include="yaMath.cpp">
      <Filter>Engine\Common</Filter>
    </ClCompile>
    <ClCompile Include="yaGameObject.cpp">
      <Filter>Engine\GameObject</Filter>
    </ClCompile>
    <ClCompile Include="yaEntity.cpp">
      <Filter>Engine\Common</Filter>
    </ClCompile>
    <ClCompile Include="yaApplication.cpp">
      <Filter>Engine\High Level Interface</Filter>
    </ClCompile>
    <ClCompile Include="yaScene.cpp">
      <Filter>Engine\Scene</Filter>
    </ClCompile>
    <ClCompile Include="yaSceneManager.cpp">
      <Filter>Engine\Scene</Filter>
    </ClCompile>
    <ClCompile Include="yaComponent.cpp">
      <Filter>Engine\Component</Filter>
    </ClCompile>
    <ClCompile Include="yaLayer.cpp">
      <Filter>Engine\Layer</Filter>
    </ClCompile>
    <ClCompile Include="yaSkul.cpp">
      <Filter>Contents\Player</Filter>
    </ClCompile>
    <ClCompile Include="yaPlayeScene.cpp">
      <Filter>Contents\Scene</Filter>
    </ClCompile>
    <ClCompile Include="yaTime.cpp">
      <Filter>Engine\Time</Filter>
    </ClCompile>
    <ClCompile Include="yaInput.cpp">
      <Filter>Engine\Input</Filter>
    </ClCompile>
    <ClCompile Include="yaResource.cpp">
      <Filter>Engine\Resource</Filter>
    </ClCompile>
    <ClCompile Include="yaResources.cpp">
      <Filter>Engine\Resource</Filter>
    </ClCompile>
    <ClCompile Include="yaImage.cpp">
      <Filter>Engine\Resource</Filter>
    </ClCompile>
    <ClCompile Include="yaTitleScene.cpp">
      <Filter>Contents\Scene</Filter>
    </ClCompile>
    <ClCompile Include="yaSkulHead.cpp">
      <Filter>Contents\Bullet</Filter>
    </ClCompile>
    <ClCompile Include="yaMonster.cpp">
      <Filter>Contents\Monster</Filter>
    </ClCompile>
    <ClCompile Include="yaCollider.cpp">
      <Filter>Engine\Component\Collider</Filter>
    </ClCompile>
    <ClCompile Include="yaCollisionManager.cpp">
      <Filter>Engine\Component\Collider</Filter>
    </ClCompile>
    <ClCompile Include="yaPlayBG.cpp">
      <Filter>Contents\BG</Filter>
    </ClCompile>
    <ClCompile Include="yaTitleLogo.cpp">
      <Filter>Contents\Effect</Filter>
    </ClCompile>
    <ClCompile Include="yaCamera.cpp">
      <Filter>Engine\Camera</Filter>
    </ClCompile>
    <ClCompile Include="yaTitleBG.cpp">
      <Filter>Contents\BG</Filter>
    </ClCompile>
    <ClCompile Include="yaRigidbody.cpp">
      <Filter>Engine\Component\RigidBody</Filter>
    </ClCompile>
    <ClCompile Include="yaBasicSkul.cpp">
      <Filter>Contents\Player</Filter>
    </ClCompile>
    <ClCompile Include="yaGround.cpp">
      <Filter>Contents\Object</Filter>
    </ClCompile>
    <ClCompile Include="yaAnimation.cpp">
      <Filter>Engine\Component\Animation</Filter>
    </ClCompile>
    <ClCompile Include="yaAnimator.cpp">
      <Filter>Engine\Component\Animation</Filter>
    </ClCompile>
    <ClCompile Include="yaTransform.cpp">
      <Filter>Engine\Component\Transform</Filter>
    </ClCompile>
    <ClCompile Include="yaToolScene.cpp">
      <Filter>Contents\Scene</Filter>
    </ClCompile>
    <ClCompile Include="yaSound.cpp">
      <Filter>Engine\Resource</Filter>
    </ClCompile>
    <ClCompile Include="yaSoundManager.cpp">
      <Filter>Engine\Resource</Filter>
    </ClCompile>
    <ClCompile Include="yaTile.cpp">
      <Filter>Contents\Object\Tile</Filter>
    </ClCompile>
    <ClCompile Include="yaTilePalatte.cpp">
      <Filter>Contents\Object\Tile</Filter>
    </ClCompile>
    <ClCompile Include="yaNoheadSkul.cpp">
      <Filter>Contents\Player</Filter>
    </ClCompile>
    <ClCompile Include="yaSkulShadow.cpp">
      <Filter>Contents\Player</Filter>
    </ClCompile>
    <ClCompile Include="yaSkulAttack.cpp">
      <Filter>Contents\Effect</Filter>
    </ClCompile>
    <ClCompile Include="yaStruct.cpp">
      <Filter>Contents\Object\Struct</Filter>
    </ClCompile>
    <ClCompile Include="yaCastle.cpp">
      <Filter>Contents\Object\Struct</Filter>
    </ClCompile>
    <ClCompile Include="yaBackCastle.cpp">
      <Filter>Contents\Object\Struct</Filter>
    </ClCompile>
    <ClCompile Include="yaBossGate.cpp">
      <Filter>Contents\Object\Struct\Gate</Filter>
    </ClCompile>
    <ClCompile Include="yaItemGate.cpp">
      <Filter>Contents\Object\Struct\Gate</Filter>
    </ClCompile>
    <ClCompile Include="yaSkulGate.cpp">
      <Filter>Contents\Object\Struct\Gate</Filter>
    </ClCompile>
    <ClCompile Include="yaBossStage.cpp">
      <Filter>Contents\Scene</Filter>
    </ClCompile>
    <ClCompile Include="yaStage1.cpp">
      <Filter>Contents\Scene</Filter>
    </ClCompile>
    <ClCompile Include="yaStage2.cpp">
      <Filter>Contents\Scene</Filter>
    </ClCompile>
    <ClCompile Include="yaPlatform.cpp">
      <Filter>Contents\Object\Tile</Filter>
    </ClCompile>
    <ClCompile Include="yaBossBG.cpp">
      <Filter>Contents\BG</Filter>
    </ClCompile>
    <ClCompile Include="yaBoss_Body.cpp">
      <Filter>Contents\Boss</Filter>
    </ClCompile>
    <ClCompile Include="yaBoss_Hand.cpp">
      <Filter>Contents\Boss</Filter>
    </ClCompile>
    <ClCompile Include="yaBoss_Head.cpp">
      <Filter>Contents\Boss</Filter>
    </ClCompile>
    <ClCompile Include="yaBossBullet.cpp">
      <Filter>Contents\Bullet</Filter>
    </ClCompile>
    <ClCompile Include="yaBoss_Chin.cpp">
      <Filter>Contents\Boss</Filter>
    </ClCompile>
    <ClCompile Include="yaChapter1_Boss.cpp">
      <Filter>Contents\Boss</Filter>
    </ClCompile>
    <ClCompile Include="yaBoss_RightHand.cpp">
      <Filter>Contents\Boss</Filter>
    </ClCompile>
  </ItemGroup>
</Project>